
Microsoft Visual Studio Solution File, Format Version 12.00
# Visual Studio Version 17
VisualStudioVersion = 17.6.33815.320
MinimumVisualStudioVersion = 10.0.40219.1
Project("{FAE04EC0-301F-11D3-BF4B-00C04F79EFBC}") = "MueblesCormar.Android", "MueblesCormar\MueblesCormar.Android\MueblesCormar.Android.csproj", "{6E553EC8-0D1E-4C36-AFA0-3676905D4359}"
EndProject
Project("{FAE04EC0-301F-11D3-BF4B-00C04F79EFBC}") = "MueblesCormar", "MueblesCormar\MueblesCormar\MueblesCormar.csproj", "{EEBBE191-167A-47D8-8C05-191F29A080AF}"
EndProject
Global
	GlobalSection(SolutionConfigurationPlatforms) = preSolution
		Debug|Any CPU = Debug|Any CPU
		Release|Any CPU = Release|Any CPU
	EndGlobalSection
	GlobalSection(ProjectConfigurationPlatforms) = postSolution
		{6E553EC8-0D1E-4C36-AFA0-3676905D4359}.Debug|Any CPU.ActiveCfg = Debug|Any CPU
		{6E553EC8-0D1E-4C36-AFA0-3676905D4359}.Debug|Any CPU.Build.0 = Debug|Any CPU
		{6E553EC8-0D1E-4C36-AFA0-3676905D4359}.Debug|Any CPU.Deploy.0 = Debug|Any CPU
		{6E553EC8-0D1E-4C36-AFA0-3676905D4359}.Release|Any CPU.ActiveCfg = Release|Any CPU
		{6E553EC8-0D1E-4C36-AFA0-3676905D4359}.Release|Any CPU.Build.0 = Release|Any CPU
		{6E553EC8-0D1E-4C36-AFA0-3676905D4359}.Release|Any CPU.Deploy.0 = Release|Any CPU
		{EEBBE191-167A-47D8-8C05-191F29A080AF}.Debug|Any CPU.ActiveCfg = Debug|Any CPU
		{EEBBE191-167A-47D8-8C05-191F29A080AF}.Debug|Any CPU.Build.0 = Debug|Any CPU
		{EEBBE191-167A-47D8-8C05-191F29A080AF}.Debug|Any CPU.Deploy.0 = Debug|Any CPU
		{EEBBE191-167A-47D8-8C05-191F29A080AF}.Release|Any CPU.ActiveCfg = Release|Any CPU
		{EEBBE191-167A-47D8-8C05-191F29A080AF}.Release|Any CPU.Build.0 = Release|Any CPU
		{EEBBE191-167A-47D8-8C05-191F29A080AF}.Release|Any CPU.Deploy.0 = Release|Any CPU
	EndGlobalSection
	GlobalSection(SolutionProperties) = preSolution
		HideSolutionNode = FALSE
	EndGlobalSection
	GlobalSection(ExtensibilityGlobals) = postSolution
		SolutionGuid = {75EA055E-A138-462A-8ABF-B7C1F59DFAC2}
	EndGlobalSection
EndGlobal
